<Solution>
  <Folder Name="/src/">
    <Project Path="src/FileLocker.App/FileLocker.App.csproj" />
    <Project Path="src/FileLocker.Cli/FileLocker.Cli.csproj" />
    <Project Path="src/FileLocker.Core/FileLocker.Core.csproj" />
  </Folder>
  <Folder Name="/tests/">
    <Project Path="tests/FileLocker.Core.Tests/FileLocker.Core.Tests.csproj" />
  </Folder>
</Solution>
